{
  "version": 4,
  "terraform_version": "1.1.7",
  "serial": 8,
  "lineage": "0cf2ee51-5995-700f-e4cf-494ab01bcbe9",
  "outputs": {},
  "resources": [
    {
      "mode": "managed",
      "type": "azurerm_app_service",
      "name": "example",
      "provider": "provider[\"registry.terraform.io/hashicorp/azurerm\"]",
      "instances": [
        {
          "schema_version": 0,
          "attributes": {
            "app_service_plan_id": "/subscriptions/121f5942-6ba8-4448-925b-4a0c89f9b79b/resourceGroups/example-resources/providers/Microsoft.Web/serverfarms/example-appserviceplan",
            "app_settings": {
              "SOME_KEY": "some-value"
            },
            "auth_settings": [
              {
                "active_directory": [],
                "additional_login_params": {},
                "allowed_external_redirect_urls": [],
                "default_provider": "",
                "enabled": false,
                "facebook": [],
                "google": [],
                "issuer": "",
                "microsoft": [],
                "runtime_version": "",
                "token_refresh_extension_hours": 0,
                "token_store_enabled": false,
                "twitter": [],
                "unauthenticated_client_action": ""
              }
            ],
            "backup": [],
            "client_affinity_enabled": false,
            "client_cert_enabled": false,
            "client_cert_mode": "Required",
            "connection_string": [
              {
                "name": "Database",
                "type": "SQLServer",
                "value": "Server=some-server.mydomain.com;Integrated Security=SSPI"
              }
            ],
            "custom_domain_verification_id": "4F447B971EE817CDCC056DD38E01974C2A2285B0C54F5CF7F209BA64AF7536DC",
            "default_site_hostname": "example-app-service-sha1234.azurewebsites.net",
            "enabled": true,
            "https_only": false,
            "id": "/subscriptions/121f5942-6ba8-4448-925b-4a0c89f9b79b/resourceGroups/example-resources/providers/Microsoft.Web/sites/example-app-service-sha1234",
            "identity": [],
            "key_vault_reference_identity_id": "SystemAssigned",
            "location": "westeurope",
            "logs": [
              {
                "application_logs": [
                  {
                    "azure_blob_storage": [],
                    "file_system_level": "Off"
                  }
                ],
                "detailed_error_messages_enabled": false,
                "failed_request_tracing_enabled": false,
                "http_logs": [
                  {
                    "azure_blob_storage": [],
                    "file_system": []
                  }
                ]
              }
            ],
            "name": "example-app-service-sha1234",
            "outbound_ip_address_list": [
              "20.93.195.204",
              "20.76.147.92",
              "20.93.196.47",
              "20.76.149.126",
              "20.93.193.47",
              "20.93.196.53",
              "20.50.2.63"
            ],
            "outbound_ip_addresses": "20.93.195.204,20.76.147.92,20.93.196.47,20.76.149.126,20.93.193.47,20.93.196.53,20.50.2.63",
            "possible_outbound_ip_address_list": [
              "20.93.195.204",
              "20.76.147.92",
              "20.93.196.47",
              "20.76.149.126",
              "20.93.193.47",
              "20.93.196.53",
              "20.93.196.63",
              "20.93.196.111",
              "20.93.196.129",
              "20.93.196.144",
              "20.93.196.179",
              "20.93.197.112",
              "20.93.194.56",
              "20.93.194.59",
              "20.93.195.232",
              "20.93.195.235",
              "20.93.195.252",
              "20.93.196.25",
              "20.93.194.197",
              "20.93.192.122",
              "20.93.196.26",
              "20.76.145.241",
              "20.93.196.27",
              "20.93.193.20",
              "20.93.196.32",
              "20.93.196.34",
              "20.93.196.35",
              "20.93.196.181",
              "20.93.196.182",
              "20.93.196.183",
              "20.50.2.63"
            ],
            "possible_outbound_ip_addresses": "20.93.195.204,20.76.147.92,20.93.196.47,20.76.149.126,20.93.193.47,20.93.196.53,20.93.196.63,20.93.196.111,20.93.196.129,20.93.196.144,20.93.196.179,20.93.197.112,20.93.194.56,20.93.194.59,20.93.195.232,20.93.195.235,20.93.195.252,20.93.196.25,20.93.194.197,20.93.192.122,20.93.196.26,20.76.145.241,20.93.196.27,20.93.193.20,20.93.196.32,20.93.196.34,20.93.196.35,20.93.196.181,20.93.196.182,20.93.196.183,20.50.2.63",
            "resource_group_name": "example-resources",
            "site_config": [
              {
                "acr_use_managed_identity_credentials": false,
                "acr_user_managed_identity_client_id": "",
                "always_on": false,
                "app_command_line": "",
                "auto_swap_slot_name": "",
                "cors": [
                  {
                    "allowed_origins": [],
                    "support_credentials": false
                  }
                ],
                "default_documents": null,
                "dotnet_framework_version": "v4.0",
                "ftps_state": "AllAllowed",
                "health_check_path": "",
                "http2_enabled": false,
                "ip_restriction": [],
                "java_container": "",
                "java_container_version": "",
                "java_version": "",
                "linux_fx_version": "",
                "local_mysql_enabled": false,
                "managed_pipeline_mode": "Integrated",
                "min_tls_version": "1.2",
                "number_of_workers": 1,
                "php_version": "",
                "python_version": "",
                "remote_debugging_enabled": false,
                "remote_debugging_version": "VS2019",
                "scm_ip_restriction": [],
                "scm_type": "LocalGit",
                "scm_use_main_ip_restriction": false,
                "use_32_bit_worker_process": false,
                "vnet_route_all_enabled": false,
                "websockets_enabled": false,
                "windows_fx_version": ""
              }
            ],
            "site_credential": [
              {
                "password": "rFwnwmNpgupB94uDtQamZjFxL5k27kRC6mvmAFSoFMBZirHpGorezjTPnbtC",
                "username": "$example-app-service-sha1234"
              }
            ],
            "source_control": [
              {
                "branch": "master",
                "manual_integration": false,
                "repo_url": "https://example-app-service-sha1234.scm.azurewebsites.net",
                "rollback_enabled": false,
                "use_mercurial": false
              }
            ],
            "storage_account": [],
            "tags": null,
            "timeouts": null
          },
          "sensitive_attributes": [],
          "private": "eyJlMmJmYjczMC1lY2FhLTExZTYtOGY4OC0zNDM2M2JjN2M0YzAiOnsiY3JlYXRlIjoxODAwMDAwMDAwMDAwLCJkZWxldGUiOjE4MDAwMDAwMDAwMDAsInJlYWQiOjMwMDAwMDAwMDAwMCwidXBkYXRlIjoxODAwMDAwMDAwMDAwfX0=",
          "dependencies": [
            "azurerm_app_service_plan.example",
            "azurerm_resource_group.example"
          ]
        }
      ]
    },
    {
      "mode": "managed",
      "type": "azurerm_app_service_plan",
      "name": "example",
      "provider": "provider[\"registry.terraform.io/hashicorp/azurerm\"]",
      "instances": [
        {
          "schema_version": 0,
          "attributes": {
            "app_service_environment_id": "",
            "id": "/subscriptions/121f5942-6ba8-4448-925b-4a0c89f9b79b/resourceGroups/example-resources/providers/Microsoft.Web/serverfarms/example-appserviceplan",
            "is_xenon": false,
            "kind": "Windows",
            "location": "westeurope",
            "maximum_elastic_worker_count": 1,
            "maximum_number_of_workers": 10,
            "name": "example-appserviceplan",
            "per_site_scaling": false,
            "reserved": false,
            "resource_group_name": "example-resources",
            "sku": [
              {
                "capacity": 1,
                "size": "S1",
                "tier": "Standard"
              }
            ],
            "tags": {},
            "timeouts": null,
            "zone_redundant": false
          },
          "sensitive_attributes": [],
          "private": "eyJlMmJmYjczMC1lY2FhLTExZTYtOGY4OC0zNDM2M2JjN2M0YzAiOnsiY3JlYXRlIjozNjAwMDAwMDAwMDAwLCJkZWxldGUiOjM2MDAwMDAwMDAwMDAsInJlYWQiOjMwMDAwMDAwMDAwMCwidXBkYXRlIjozNjAwMDAwMDAwMDAwfX0=",
          "dependencies": [
            "azurerm_resource_group.example"
          ]
        }
      ]
    },
    {
      "mode": "managed",
      "type": "azurerm_resource_group",
      "name": "example",
      "provider": "provider[\"registry.terraform.io/hashicorp/azurerm\"]",
      "instances": [
        {
          "schema_version": 0,
          "attributes": {
            "id": "/subscriptions/121f5942-6ba8-4448-925b-4a0c89f9b79b/resourceGroups/example-resources",
            "location": "westeurope",
            "name": "example-resources",
            "tags": {},
            "timeouts": null
          },
          "sensitive_attributes": [],
          "private": "eyJlMmJmYjczMC1lY2FhLTExZTYtOGY4OC0zNDM2M2JjN2M0YzAiOnsiY3JlYXRlIjo1NDAwMDAwMDAwMDAwLCJkZWxldGUiOjU0MDAwMDAwMDAwMDAsInJlYWQiOjMwMDAwMDAwMDAwMCwidXBkYXRlIjo1NDAwMDAwMDAwMDAwfX0="
        }
      ]
    }
  ]
}
